
Microsoft Visual Studio Solution File, Format Version 12.00
# Visual Studio 15
VisualStudioVersion = 15.0.26403.7
MinimumVisualStudioVersion = 10.0.40219.1
Project("{9A19103F-16F7-4668-BE54-9A1E7A4F7556}") = "vbfreereporting", "vbfreereporting.csproj", "{2FE62E95-E984-4858-889F-7EA45B0BB849}"
EndProject
Project("{FAE04EC0-301F-11D3-BF4B-00C04F79EFBC}") = "SendEmailsJob", "..\SendEmailsJob\SendEmailsJob.csproj", "{D4C84D8C-FD44-4ED9-A693-75BC11BE56C2}"
EndProject
Global
	GlobalSection(SolutionConfigurationPlatforms) = preSolution
		Debug|Any CPU = Debug|Any CPU
		Release|Any CPU = Release|Any CPU
	EndGlobalSection
	GlobalSection(ProjectConfigurationPlatforms) = postSolution
		{2FE62E95-E984-4858-889F-7EA45B0BB849}.Debug|Any CPU.ActiveCfg = Debug|Any CPU
		{2FE62E95-E984-4858-889F-7EA45B0BB849}.Debug|Any CPU.Build.0 = Debug|Any CPU
		{2FE62E95-E984-4858-889F-7EA45B0BB849}.Release|Any CPU.ActiveCfg = Release|Any CPU
		{2FE62E95-E984-4858-889F-7EA45B0BB849}.Release|Any CPU.Build.0 = Release|Any CPU
		{D4C84D8C-FD44-4ED9-A693-75BC11BE56C2}.Debug|Any CPU.ActiveCfg = Debug|Any CPU
		{D4C84D8C-FD44-4ED9-A693-75BC11BE56C2}.Debug|Any CPU.Build.0 = Debug|Any CPU
		{D4C84D8C-FD44-4ED9-A693-75BC11BE56C2}.Release|Any CPU.ActiveCfg = Release|Any CPU
		{D4C84D8C-FD44-4ED9-A693-75BC11BE56C2}.Release|Any CPU.Build.0 = Release|Any CPU
	EndGlobalSection
	GlobalSection(SolutionProperties) = preSolution
		HideSolutionNode = FALSE
	EndGlobalSection
EndGlobal
